
Microsoft Visual Studio Solution File, Format Version 12.00
# Visual Studio Version 17
VisualStudioVersion = 17.2.32630.192
MinimumVisualStudioVersion = 10.0.40219.1
Project("{FAE04EC0-301F-11D3-BF4B-00C04F79EFBC}") = "Practice.ThreeLayers", "Practice.ThreeLayers\Practice.ThreeLayers.csproj", "{87874F59-F72C-4772-A953-5552252F8370}"
EndProject
Project("{FAE04EC0-301F-11D3-BF4B-00C04F79EFBC}") = "Enities", "Enities\Enities.csproj", "{C5947356-3925-4629-961A-F27D4CDDEE1A}"
EndProject
Project("{FAE04EC0-301F-11D3-BF4B-00C04F79EFBC}") = "Repositories", "Repositories\Repositories.csproj", "{A64872D7-D935-4AD3-AB85-907D8A41DADB}"
EndProject
Project("{FAE04EC0-301F-11D3-BF4B-00C04F79EFBC}") = "Services", "Services\Services.csproj", "{5DF9CDCD-7B9D-433D-90B7-6B2EB77EC229}"
EndProject
Global
	GlobalSection(SolutionConfigurationPlatforms) = preSolution
		Debug|Any CPU = Debug|Any CPU
		Release|Any CPU = Release|Any CPU
	EndGlobalSection
	GlobalSection(ProjectConfigurationPlatforms) = postSolution
		{87874F59-F72C-4772-A953-5552252F8370}.Debug|Any CPU.ActiveCfg = Debug|Any CPU
		{87874F59-F72C-4772-A953-5552252F8370}.Debug|Any CPU.Build.0 = Debug|Any CPU
		{87874F59-F72C-4772-A953-5552252F8370}.Release|Any CPU.ActiveCfg = Release|Any CPU
		{87874F59-F72C-4772-A953-5552252F8370}.Release|Any CPU.Build.0 = Release|Any CPU
		{C5947356-3925-4629-961A-F27D4CDDEE1A}.Debug|Any CPU.ActiveCfg = Debug|Any CPU
		{C5947356-3925-4629-961A-F27D4CDDEE1A}.Debug|Any CPU.Build.0 = Debug|Any CPU
		{C5947356-3925-4629-961A-F27D4CDDEE1A}.Release|Any CPU.ActiveCfg = Release|Any CPU
		{C5947356-3925-4629-961A-F27D4CDDEE1A}.Release|Any CPU.Build.0 = Release|Any CPU
		{A64872D7-D935-4AD3-AB85-907D8A41DADB}.Debug|Any CPU.ActiveCfg = Debug|Any CPU
		{A64872D7-D935-4AD3-AB85-907D8A41DADB}.Debug|Any CPU.Build.0 = Debug|Any CPU
		{A64872D7-D935-4AD3-AB85-907D8A41DADB}.Release|Any CPU.ActiveCfg = Release|Any CPU
		{A64872D7-D935-4AD3-AB85-907D8A41DADB}.Release|Any CPU.Build.0 = Release|Any CPU
		{5DF9CDCD-7B9D-433D-90B7-6B2EB77EC229}.Debug|Any CPU.ActiveCfg = Debug|Any CPU
		{5DF9CDCD-7B9D-433D-90B7-6B2EB77EC229}.Debug|Any CPU.Build.0 = Debug|Any CPU
		{5DF9CDCD-7B9D-433D-90B7-6B2EB77EC229}.Release|Any CPU.ActiveCfg = Release|Any CPU
		{5DF9CDCD-7B9D-433D-90B7-6B2EB77EC229}.Release|Any CPU.Build.0 = Release|Any CPU
	EndGlobalSection
	GlobalSection(SolutionProperties) = preSolution
		HideSolutionNode = FALSE
	EndGlobalSection
	GlobalSection(ExtensibilityGlobals) = postSolution
		SolutionGuid = {888FA66B-5CBE-49D7-8FB8-7A63552F2882}
	EndGlobalSection
EndGlobal
